
Microsoft Visual Studio Solution File, Format Version 12.00
# Visual Studio 2012
Project("{FAE04EC0-301F-11D3-BF4B-00C04F79EFBC}") = "WindowsFClientWSProductos", "WindowsFClientWSProductos.csproj", "{45F43F11-2C46-4999-8515-FD80BE3AD653}"
EndProject
Global
	GlobalSection(SolutionConfigurationPlatforms) = preSolution
		Debug|Any CPU = Debug|Any CPU
		Release|Any CPU = Release|Any CPU
	EndGlobalSection
	GlobalSection(ProjectConfigurationPlatforms) = postSolution
		{45F43F11-2C46-4999-8515-FD80BE3AD653}.Debug|Any CPU.ActiveCfg = Debug|Any CPU
		{45F43F11-2C46-4999-8515-FD80BE3AD653}.Debug|Any CPU.Build.0 = Debug|Any CPU
		{45F43F11-2C46-4999-8515-FD80BE3AD653}.Release|Any CPU.ActiveCfg = Release|Any CPU
		{45F43F11-2C46-4999-8515-FD80BE3AD653}.Release|Any CPU.Build.0 = Release|Any CPU
	EndGlobalSection
	GlobalSection(SolutionProperties) = preSolution
		HideSolutionNode = FALSE
	EndGlobalSection
EndGlobal
