
Microsoft Visual Studio Solution File, Format Version 12.00
# Visual Studio 2012
Project("{F184B08F-C81C-45F6-A57F-5ABD9991F28F}") = "WcfServiceDHL1", "WcfServiceDHL1\WcfServiceDHL1.vbproj", "{8F32CF6E-44DE-4B23-BD02-2007F0A070DC}"
EndProject
Project("{F184B08F-C81C-45F6-A57F-5ABD9991F28F}") = "PruebaServicioDHL", "PruebaServicioDHL\PruebaServicioDHL.vbproj", "{B0CD4F03-B4F4-4EC4-8D93-6FAAEAC8AD9E}"
	ProjectSection(ProjectDependencies) = postProject
		{8F32CF6E-44DE-4B23-BD02-2007F0A070DC} = {8F32CF6E-44DE-4B23-BD02-2007F0A070DC}
	EndProjectSection
EndProject
Global
	GlobalSection(SolutionConfigurationPlatforms) = preSolution
		Debug|Any CPU = Debug|Any CPU
		Release|Any CPU = Release|Any CPU
	EndGlobalSection
	GlobalSection(ProjectConfigurationPlatforms) = postSolution
		{8F32CF6E-44DE-4B23-BD02-2007F0A070DC}.Debug|Any CPU.ActiveCfg = Debug|Any CPU
		{8F32CF6E-44DE-4B23-BD02-2007F0A070DC}.Debug|Any CPU.Build.0 = Debug|Any CPU
		{8F32CF6E-44DE-4B23-BD02-2007F0A070DC}.Release|Any CPU.ActiveCfg = Release|Any CPU
		{8F32CF6E-44DE-4B23-BD02-2007F0A070DC}.Release|Any CPU.Build.0 = Release|Any CPU
		{B0CD4F03-B4F4-4EC4-8D93-6FAAEAC8AD9E}.Debug|Any CPU.ActiveCfg = Debug|Any CPU
		{B0CD4F03-B4F4-4EC4-8D93-6FAAEAC8AD9E}.Debug|Any CPU.Build.0 = Debug|Any CPU
		{B0CD4F03-B4F4-4EC4-8D93-6FAAEAC8AD9E}.Release|Any CPU.ActiveCfg = Release|Any CPU
		{B0CD4F03-B4F4-4EC4-8D93-6FAAEAC8AD9E}.Release|Any CPU.Build.0 = Release|Any CPU
	EndGlobalSection
	GlobalSection(SolutionProperties) = preSolution
		HideSolutionNode = FALSE
	EndGlobalSection
EndGlobal
